
Microsoft Visual Studio Solution File, Format Version 12.00
# Visual Studio 14
VisualStudioVersion = 14.0.25123.0
MinimumVisualStudioVersion = 10.0.40219.1
Project("{2D58C8FB-FCF9-4E85-BA9F-997EEFC47E3A}") = "Sitecore.Support.76398", "Sitecore.Support.76398\Sitecore.Support.76398.csproj", "{3474EAC2-1023-41D1-BE8D-B920F051F973}"
EndProject
Global
	GlobalSection(SolutionConfigurationPlatforms) = preSolution
		Debug|Any CPU = Debug|Any CPU
		Release|Any CPU = Release|Any CPU
	EndGlobalSection
	GlobalSection(ProjectConfigurationPlatforms) = postSolution
		{3474EAC2-1023-41D1-BE8D-B920F051F973}.Debug|Any CPU.ActiveCfg = Debug|Any CPU
		{3474EAC2-1023-41D1-BE8D-B920F051F973}.Debug|Any CPU.Build.0 = Debug|Any CPU
		{3474EAC2-1023-41D1-BE8D-B920F051F973}.Release|Any CPU.ActiveCfg = Release|Any CPU
		{3474EAC2-1023-41D1-BE8D-B920F051F973}.Release|Any CPU.Build.0 = Release|Any CPU
	EndGlobalSection
	GlobalSection(SolutionProperties) = preSolution
		HideSolutionNode = FALSE
	EndGlobalSection
EndGlobal
